{
  "name": "pb-ui-library",
  "version": "0.0.1",
  "lockfileVersion": 1,
  "requires": true,
  "dependencies": {
    "@stencil/angular-output-target": {
      "version": "0.0.2",
      "resolved": "https://registry.npmjs.org/@stencil/angular-output-target/-/angular-output-target-0.0.2.tgz",
      "integrity": "sha512-GyQ/VTipzzweuNYbs+FrK1q3FSEG4LZkzg+keuMQNRDX77aCy5hsYivspMRMwOXIwUXh9wSIzqQR3JuLiFHzcw=="
    },
    "@stencil/core": {
      "version": "1.8.8",
      "resolved": "https://registry.npmjs.org/@stencil/core/-/core-1.8.8.tgz",
      "integrity": "sha512-ATru3WAQxWsc+Z2ji5l0wc28yyirgRB25AmZTLSnWeRUn388AkY2tn2Dderz+c7Rnsd9kpAdln6tsv0/KuQLkQ==",
      "dev": true,
      "requires": {
        "typescript": "3.7.5"
      }
    },
    "@stencil/react-output-target": {
      "version": "0.0.3",
      "resolved": "https://registry.npmjs.org/@stencil/react-output-target/-/react-output-target-0.0.3.tgz",
      "integrity": "sha512-OjvDi7gd2OUgj8aF4iSVCt68e+38zxtpCoG/8R4b984IlaiL6QUFMc+pBbGYsyMC0Wd13oXRHZze0KYiL+l0GA=="
    },
    "typescript": {
      "version": "3.7.5",
      "resolved": "https://registry.npmjs.org/typescript/-/typescript-3.7.5.tgz",
      "integrity": "sha512-/P5lkRXkWHNAbcJIiHPfRoKqyd7bsyCma1hZNUGfn20qm64T6ZBlrzprymeu918H+mB/0rIg2gGK/BXkhhYgBw==",
      "dev": true
    }
  }
}
