{
  "name": "mylovely-library-angular",
  "version": "0.0.1",
  "lockfileVersion": 1,
  "requires": true,
  "dependencies": {
    "@angular/core": {
      "version": "11.0.5",
      "resolved": "https://registry.npmjs.org/@angular/core/-/core-11.0.5.tgz",
      "integrity": "sha512-XAXWQi7R3ucZXQwx9QK5jSKJeQyRJ53u2dQDpr7R5stzeCy1a5hrNOkZLg9zOTTPcth/6+FrOrRZP9SMdxtw3w==",
      "requires": {
        "tslib": "^2.0.0"
      },
      "dependencies": {
        "tslib": {
          "version": "2.4.0",
          "resolved": "https://registry.npmjs.org/tslib/-/tslib-2.4.0.tgz",
          "integrity": "sha512-d6xOpEDfsi2CZVlPQzGeux8XMwLT9hssAsaPYExaQMuYskwb+x1x7J371tWlbBdWHroy99KnVB6qIkUbs5X3UQ=="
        }
      }
    },
    "@stencil/angular-output-target": {
      "version": "0.0.2",
      "resolved": "https://registry.npmjs.org/@stencil/angular-output-target/-/angular-output-target-0.0.2.tgz",
      "integrity": "sha512-GyQ/VTipzzweuNYbs+FrK1q3FSEG4LZkzg+keuMQNRDX77aCy5hsYivspMRMwOXIwUXh9wSIzqQR3JuLiFHzcw=="
    },
    "@stencil/react-output-target": {
      "version": "0.0.3",
      "resolved": "https://registry.npmjs.org/@stencil/react-output-target/-/react-output-target-0.0.3.tgz",
      "integrity": "sha512-OjvDi7gd2OUgj8aF4iSVCt68e+38zxtpCoG/8R4b984IlaiL6QUFMc+pBbGYsyMC0Wd13oXRHZze0KYiL+l0GA=="
    },
    "mylovely-library": {
      "version": "0.0.2",
      "resolved": "https://registry.npmjs.org/mylovely-library/-/mylovely-library-0.0.2.tgz",
      "integrity": "sha512-AQDzS0WY+kAPMS/0hau2Cx83PymVlBNUxwB13u3cRFMRQ/3ILwlKm6ShBq/zXw0lYzwuSrfvZq4Z9L0SIysJsg==",
      "requires": {
        "@stencil/angular-output-target": "0.0.2",
        "@stencil/react-output-target": "0.0.3"
      }
    },
    "rxjs": {
      "version": "6.5.4",
      "resolved": "https://registry.npmjs.org/rxjs/-/rxjs-6.5.4.tgz",
      "integrity": "sha512-naMQXcgEo3csAEGvw/NydRA0fuS2nDZJiw1YUWFKU7aPPAPGZEsD4Iimit96qwCieH6y614MCLYwdkrWx7z/7Q==",
      "requires": {
        "tslib": "^1.9.0"
      }
    },
    "tslib": {
      "version": "1.11.1",
      "resolved": "https://registry.npmjs.org/tslib/-/tslib-1.11.1.tgz",
      "integrity": "sha512-aZW88SY8kQbU7gpV19lN24LtXh/yD4ZZg6qieAJDDg+YBsJcSmLGK9QpnUjAKVG/xefmvJGd1WUmfpT/g6AJGA=="
    }
  }
}
